
Microsoft Visual Studio Solution File, Format Version 12.00
# Visual Studio Version 16
VisualStudioVersion = 16.0.31410.357
MinimumVisualStudioVersion = 10.0.40219.1
Project("{9A19103F-16F7-4668-BE54-9A1E7A4F7556}") = "Importer", "Importer\Importer.csproj", "{2B0431C9-28EB-4F76-9F0B-501448F8F70D}"
EndProject
Project("{9A19103F-16F7-4668-BE54-9A1E7A4F7556}") = "LetterBoxDClone", "LetterBoxDClone\LetterBoxDClone.csproj", "{8683ED71-BAE9-40C1-8F7A-09F97B4C7E37}"
EndProject
Project("{FAE04EC0-301F-11D3-BF4B-00C04F79EFBC}") = "DataLibrary", "DataLibrary\DataLibrary.csproj", "{EC6DE909-E90C-4F8B-A02F-31235C7C86BD}"
EndProject
Global
	GlobalSection(SolutionConfigurationPlatforms) = preSolution
		Debug|Any CPU = Debug|Any CPU
		Release|Any CPU = Release|Any CPU
	EndGlobalSection
	GlobalSection(ProjectConfigurationPlatforms) = postSolution
		{2B0431C9-28EB-4F76-9F0B-501448F8F70D}.Debug|Any CPU.ActiveCfg = Debug|Any CPU
		{2B0431C9-28EB-4F76-9F0B-501448F8F70D}.Debug|Any CPU.Build.0 = Debug|Any CPU
		{2B0431C9-28EB-4F76-9F0B-501448F8F70D}.Release|Any CPU.ActiveCfg = Release|Any CPU
		{2B0431C9-28EB-4F76-9F0B-501448F8F70D}.Release|Any CPU.Build.0 = Release|Any CPU
		{8683ED71-BAE9-40C1-8F7A-09F97B4C7E37}.Debug|Any CPU.ActiveCfg = Debug|Any CPU
		{8683ED71-BAE9-40C1-8F7A-09F97B4C7E37}.Debug|Any CPU.Build.0 = Debug|Any CPU
		{8683ED71-BAE9-40C1-8F7A-09F97B4C7E37}.Release|Any CPU.ActiveCfg = Release|Any CPU
		{8683ED71-BAE9-40C1-8F7A-09F97B4C7E37}.Release|Any CPU.Build.0 = Release|Any CPU
		{EC6DE909-E90C-4F8B-A02F-31235C7C86BD}.Debug|Any CPU.ActiveCfg = Debug|Any CPU
		{EC6DE909-E90C-4F8B-A02F-31235C7C86BD}.Debug|Any CPU.Build.0 = Debug|Any CPU
		{EC6DE909-E90C-4F8B-A02F-31235C7C86BD}.Release|Any CPU.ActiveCfg = Release|Any CPU
		{EC6DE909-E90C-4F8B-A02F-31235C7C86BD}.Release|Any CPU.Build.0 = Release|Any CPU
	EndGlobalSection
	GlobalSection(SolutionProperties) = preSolution
		HideSolutionNode = FALSE
	EndGlobalSection
	GlobalSection(ExtensibilityGlobals) = postSolution
		SolutionGuid = {0D8E1505-CA97-4D32-BB17-6C7FCB63BF8D}
	EndGlobalSection
EndGlobal
