
Microsoft Visual Studio Solution File, Format Version 12.00
# Visual Studio Version 16
VisualStudioVersion = 16.0.31410.357
MinimumVisualStudioVersion = 10.0.40219.1
Project("{FAE04EC0-301F-11D3-BF4B-00C04F79EFBC}") = "Importer", "Importer\Importer.csproj", "{2B0431C9-28EB-4F76-9F0B-501448F8F70D}"
EndProject
Global
	GlobalSection(SolutionConfigurationPlatforms) = preSolution
		Debug|Any CPU = Debug|Any CPU
		Release|Any CPU = Release|Any CPU
	EndGlobalSection
	GlobalSection(ProjectConfigurationPlatforms) = postSolution
		{2B0431C9-28EB-4F76-9F0B-501448F8F70D}.Debug|Any CPU.ActiveCfg = Debug|Any CPU
		{2B0431C9-28EB-4F76-9F0B-501448F8F70D}.Debug|Any CPU.Build.0 = Debug|Any CPU
		{2B0431C9-28EB-4F76-9F0B-501448F8F70D}.Release|Any CPU.ActiveCfg = Release|Any CPU
		{2B0431C9-28EB-4F76-9F0B-501448F8F70D}.Release|Any CPU.Build.0 = Release|Any CPU
	EndGlobalSection
	GlobalSection(SolutionProperties) = preSolution
		HideSolutionNode = FALSE
	EndGlobalSection
	GlobalSection(ExtensibilityGlobals) = postSolution
		SolutionGuid = {0D8E1505-CA97-4D32-BB17-6C7FCB63BF8D}
	EndGlobalSection
EndGlobal
